
Microsoft Visual Studio Solution File, Format Version 12.00
# Visual Studio 14
VisualStudioVersion = 14.0.25420.1
MinimumVisualStudioVersion = 10.0.40219.1
Project("{FAE04EC0-301F-11D3-BF4B-00C04F79EFBC}") = "Singleton", "Singleton\Singleton.csproj", "{F97FEF4A-DE8C-452C-9535-08CA5E977011}"
EndProject
Project("{FAE04EC0-301F-11D3-BF4B-00C04F79EFBC}") = "AbstractFactory", "Factory\AbstractFactory.csproj", "{0D318994-0B51-4DF6-99AB-2C94FAB46A3B}"
EndProject
Project("{FAE04EC0-301F-11D3-BF4B-00C04F79EFBC}") = "SimpleFactory", "SimpleFactory\SimpleFactory.csproj", "{D1953D7F-F0AF-46D1-8171-B44F80D7832E}"
EndProject
Project("{FAE04EC0-301F-11D3-BF4B-00C04F79EFBC}") = "Decorator", "Decorator\Decorator.csproj", "{15C1C244-A7BE-4AD1-B9AC-C814ED39E025}"
EndProject
Project("{FAE04EC0-301F-11D3-BF4B-00C04F79EFBC}") = "PoorMansDependencyInjection", "PoorMansDependencyInjection\PoorMansDependencyInjection.csproj", "{08D03EC8-6693-4A80-BC65-E685B2ABA75B}"
EndProject
Global
	GlobalSection(SolutionConfigurationPlatforms) = preSolution
		Debug|Any CPU = Debug|Any CPU
		Release|Any CPU = Release|Any CPU
	EndGlobalSection
	GlobalSection(ProjectConfigurationPlatforms) = postSolution
		{F97FEF4A-DE8C-452C-9535-08CA5E977011}.Debug|Any CPU.ActiveCfg = Debug|Any CPU
		{F97FEF4A-DE8C-452C-9535-08CA5E977011}.Debug|Any CPU.Build.0 = Debug|Any CPU
		{F97FEF4A-DE8C-452C-9535-08CA5E977011}.Release|Any CPU.ActiveCfg = Release|Any CPU
		{F97FEF4A-DE8C-452C-9535-08CA5E977011}.Release|Any CPU.Build.0 = Release|Any CPU
		{0D318994-0B51-4DF6-99AB-2C94FAB46A3B}.Debug|Any CPU.ActiveCfg = Debug|Any CPU
		{0D318994-0B51-4DF6-99AB-2C94FAB46A3B}.Debug|Any CPU.Build.0 = Debug|Any CPU
		{0D318994-0B51-4DF6-99AB-2C94FAB46A3B}.Release|Any CPU.ActiveCfg = Release|Any CPU
		{0D318994-0B51-4DF6-99AB-2C94FAB46A3B}.Release|Any CPU.Build.0 = Release|Any CPU
		{D1953D7F-F0AF-46D1-8171-B44F80D7832E}.Debug|Any CPU.ActiveCfg = Debug|Any CPU
		{D1953D7F-F0AF-46D1-8171-B44F80D7832E}.Debug|Any CPU.Build.0 = Debug|Any CPU
		{D1953D7F-F0AF-46D1-8171-B44F80D7832E}.Release|Any CPU.ActiveCfg = Release|Any CPU
		{D1953D7F-F0AF-46D1-8171-B44F80D7832E}.Release|Any CPU.Build.0 = Release|Any CPU
		{15C1C244-A7BE-4AD1-B9AC-C814ED39E025}.Debug|Any CPU.ActiveCfg = Debug|Any CPU
		{15C1C244-A7BE-4AD1-B9AC-C814ED39E025}.Debug|Any CPU.Build.0 = Debug|Any CPU
		{15C1C244-A7BE-4AD1-B9AC-C814ED39E025}.Release|Any CPU.ActiveCfg = Release|Any CPU
		{15C1C244-A7BE-4AD1-B9AC-C814ED39E025}.Release|Any CPU.Build.0 = Release|Any CPU
		{08D03EC8-6693-4A80-BC65-E685B2ABA75B}.Debug|Any CPU.ActiveCfg = Debug|Any CPU
		{08D03EC8-6693-4A80-BC65-E685B2ABA75B}.Debug|Any CPU.Build.0 = Debug|Any CPU
		{08D03EC8-6693-4A80-BC65-E685B2ABA75B}.Release|Any CPU.ActiveCfg = Release|Any CPU
		{08D03EC8-6693-4A80-BC65-E685B2ABA75B}.Release|Any CPU.Build.0 = Release|Any CPU
	EndGlobalSection
	GlobalSection(SolutionProperties) = preSolution
		HideSolutionNode = FALSE
	EndGlobalSection
EndGlobal
